
Microsoft Visual Studio Solution File, Format Version 12.00
# Visual Studio 2012
Project("{8BC9CEB8-8B4A-11D0-8D11-00A0C91BC942}") = "SampleFastBlurs_2012", "SampleFastBlurs_2012.vcxproj", "{503C1170-D035-427D-9B42-01E58CDA132C}"
EndProject
Project("{8BC9CEB8-8B4A-11D0-8D11-00A0C91BC942}") = "CPUT", "..\..\CPUT\CPUT.vcxproj", "{8F743F56-48A8-47C9-8906-9675956F203C}"
EndProject
Global
	GlobalSection(SolutionConfigurationPlatforms) = preSolution
		Debug-GL|Win32 = Debug-GL|Win32
		Release-GL|Win32 = Release-GL|Win32
	EndGlobalSection
	GlobalSection(ProjectConfigurationPlatforms) = postSolution
		{503C1170-D035-427D-9B42-01E58CDA132C}.Debug-GL|Win32.ActiveCfg = Debug-GL|Win32
		{503C1170-D035-427D-9B42-01E58CDA132C}.Debug-GL|Win32.Build.0 = Debug-GL|Win32
		{503C1170-D035-427D-9B42-01E58CDA132C}.Release-GL|Win32.ActiveCfg = Release-GL|Win32
		{503C1170-D035-427D-9B42-01E58CDA132C}.Release-GL|Win32.Build.0 = Release-GL|Win32
		{8F743F56-48A8-47C9-8906-9675956F203C}.Debug-GL|Win32.ActiveCfg = Debug-GL|Win32
		{8F743F56-48A8-47C9-8906-9675956F203C}.Debug-GL|Win32.Build.0 = Debug-GL|Win32
		{8F743F56-48A8-47C9-8906-9675956F203C}.Release-GL|Win32.ActiveCfg = Release-GL|Win32
		{8F743F56-48A8-47C9-8906-9675956F203C}.Release-GL|Win32.Build.0 = Release-GL|Win32
	EndGlobalSection
	GlobalSection(SolutionProperties) = preSolution
		HideSolutionNode = FALSE
	EndGlobalSection
EndGlobal
